
Microsoft Visual Studio Solution File, Format Version 12.00
# Visual Studio Version 17
VisualStudioVersion = 17.1.32319.34
MinimumVisualStudioVersion = 10.0.40219.1
Project("{FAE04EC0-301F-11D3-BF4B-00C04F79EFBC}") = "Calculator", "Calculator\Calculator.csproj", "{9DF00ABD-80A0-43E3-9C1B-2E66B7324074}"
EndProject
Project("{FAE04EC0-301F-11D3-BF4B-00C04F79EFBC}") = "CalculatorUnitTests", "CalculatorUnitTests\CalculatorUnitTests.csproj", "{C4170F79-EA84-48AB-BB26-078AE32F9839}"
EndProject
Global
	GlobalSection(SolutionConfigurationPlatforms) = preSolution
		Debug|Any CPU = Debug|Any CPU
		Release|Any CPU = Release|Any CPU
	EndGlobalSection
	GlobalSection(ProjectConfigurationPlatforms) = postSolution
		{9DF00ABD-80A0-43E3-9C1B-2E66B7324074}.Debug|Any CPU.ActiveCfg = Debug|Any CPU
		{9DF00ABD-80A0-43E3-9C1B-2E66B7324074}.Debug|Any CPU.Build.0 = Debug|Any CPU
		{9DF00ABD-80A0-43E3-9C1B-2E66B7324074}.Release|Any CPU.ActiveCfg = Release|Any CPU
		{9DF00ABD-80A0-43E3-9C1B-2E66B7324074}.Release|Any CPU.Build.0 = Release|Any CPU
		{C4170F79-EA84-48AB-BB26-078AE32F9839}.Debug|Any CPU.ActiveCfg = Debug|Any CPU
		{C4170F79-EA84-48AB-BB26-078AE32F9839}.Debug|Any CPU.Build.0 = Debug|Any CPU
		{C4170F79-EA84-48AB-BB26-078AE32F9839}.Release|Any CPU.ActiveCfg = Release|Any CPU
		{C4170F79-EA84-48AB-BB26-078AE32F9839}.Release|Any CPU.Build.0 = Release|Any CPU
	EndGlobalSection
	GlobalSection(SolutionProperties) = preSolution
		HideSolutionNode = FALSE
	EndGlobalSection
	GlobalSection(ExtensibilityGlobals) = postSolution
		SolutionGuid = {A33C539E-F30F-4533-931A-D9DF836E40F7}
	EndGlobalSection
EndGlobal
